
Microsoft Visual Studio Solution File, Format Version 12.00
# Visual Studio Version 17
VisualStudioVersion = 17.12.35514.174
MinimumVisualStudioVersion = 10.0.40219.1
Project("{2150E333-8FDC-42A3-9474-1A3956D46DE8}") = "Services", "Services", "{85655C89-6345-41D3-BFEA-0D608CDC1DAE}"
EndProject
Project("{2150E333-8FDC-42A3-9474-1A3956D46DE8}") = "Catalog", "Catalog", "{FECE34F3-BFD9-4228-9248-B84ED4201ACB}"
EndProject
Project("{FAE04EC0-301F-11D3-BF4B-00C04F79EFBC}") = "Catalog.API", "Services\Catalog\Catalog.API\Catalog.API.csproj", "{A518FA8A-2E36-44BF-BE0E-2BDE96A7333F}"
EndProject
Project("{FAE04EC0-301F-11D3-BF4B-00C04F79EFBC}") = "Catalog.Application", "Services\Catalog\Catalog.Application\Catalog.Application.csproj", "{BDBC9651-6263-406A-AE9C-3F2187D37352}"
EndProject
Project("{FAE04EC0-301F-11D3-BF4B-00C04F79EFBC}") = "Catalog.Core", "Services\Catalog\Catalog.Core\Catalog.Core.csproj", "{B106B9A9-D0AA-4ECF-9EC8-6D0F3BDCB084}"
EndProject
Project("{FAE04EC0-301F-11D3-BF4B-00C04F79EFBC}") = "Catalog.Infrastructure", "Services\Catalog\Catalog.Infrastructure\Catalog.Infrastructure.csproj", "{E0F3B2AE-F5DD-44B7-ACA7-6ACA817A6206}"
EndProject
Project("{E53339B2-1760-4266-BCC7-CA923CBCF16C}") = "docker-compose", "docker-compose.dcproj", "{222F2057-2EDF-4736-A521-461780676AD7}"
EndProject
Project("{2150E333-8FDC-42A3-9474-1A3956D46DE8}") = "Basket", "Basket", "{AF666B21-3580-4FD8-BB56-BEFD1A40F5AC}"
EndProject
Project("{FAE04EC0-301F-11D3-BF4B-00C04F79EFBC}") = "Basket.API", "Services\Basket\Basket.API\Basket.API.csproj", "{0B82E6E1-0EA2-4F6A-BB9E-37A24ECB3D76}"
EndProject
Project("{FAE04EC0-301F-11D3-BF4B-00C04F79EFBC}") = "Basket.Core", "Services\Basket\Basket.Core\Basket.Core.csproj", "{C861AEF2-F800-4EBD-ADE8-C97D3E93CD8F}"
EndProject
Project("{FAE04EC0-301F-11D3-BF4B-00C04F79EFBC}") = "Basket.Application", "Services\Basket\Basket.Application\Basket.Application.csproj", "{89796060-323F-4FCD-877D-63ABBFF8CD4B}"
EndProject
Project("{FAE04EC0-301F-11D3-BF4B-00C04F79EFBC}") = "Basket.Infrastructure", "Services\Basket\Basket.Infrastructure\Basket.Infrastructure.csproj", "{98F4EE3F-F447-4CD9-944C-F9459CDEE7AE}"
EndProject
Project("{2150E333-8FDC-42A3-9474-1A3956D46DE8}") = "Discount", "Discount", "{9B74B69E-BEC0-47E4-B25A-92B5F5D2FF91}"
EndProject
Project("{FAE04EC0-301F-11D3-BF4B-00C04F79EFBC}") = "Discount.API", "Services\Discount\Discount.API\Discount.API.csproj", "{40A6060F-7C97-4222-9D40-F5B854E2C677}"
EndProject
Project("{FAE04EC0-301F-11D3-BF4B-00C04F79EFBC}") = "Discount.Application", "Services\Discount\Discount.Application\Discount.Application.csproj", "{6AC40343-B57F-407C-AE39-A45CD24D6BB2}"
EndProject
Project("{FAE04EC0-301F-11D3-BF4B-00C04F79EFBC}") = "Discount.Core", "Services\Discount\Discount.Core\Discount.Core.csproj", "{7F0A3327-B6DC-4F93-B2B3-1C303790D7E5}"
EndProject
Project("{FAE04EC0-301F-11D3-BF4B-00C04F79EFBC}") = "Discount.Infrastructure", "Services\Discount\Discount.Infrastructure\Discount.Infrastructure.csproj", "{DDE70F75-2759-4F5A-9C64-9E996DA2B947}"
EndProject
Global
	GlobalSection(SolutionConfigurationPlatforms) = preSolution
		Debug|Any CPU = Debug|Any CPU
		Release|Any CPU = Release|Any CPU
	EndGlobalSection
	GlobalSection(ProjectConfigurationPlatforms) = postSolution
		{A518FA8A-2E36-44BF-BE0E-2BDE96A7333F}.Debug|Any CPU.ActiveCfg = Debug|Any CPU
		{A518FA8A-2E36-44BF-BE0E-2BDE96A7333F}.Debug|Any CPU.Build.0 = Debug|Any CPU
		{A518FA8A-2E36-44BF-BE0E-2BDE96A7333F}.Release|Any CPU.ActiveCfg = Release|Any CPU
		{A518FA8A-2E36-44BF-BE0E-2BDE96A7333F}.Release|Any CPU.Build.0 = Release|Any CPU
		{BDBC9651-6263-406A-AE9C-3F2187D37352}.Debug|Any CPU.ActiveCfg = Debug|Any CPU
		{BDBC9651-6263-406A-AE9C-3F2187D37352}.Debug|Any CPU.Build.0 = Debug|Any CPU
		{BDBC9651-6263-406A-AE9C-3F2187D37352}.Release|Any CPU.ActiveCfg = Release|Any CPU
		{BDBC9651-6263-406A-AE9C-3F2187D37352}.Release|Any CPU.Build.0 = Release|Any CPU
		{B106B9A9-D0AA-4ECF-9EC8-6D0F3BDCB084}.Debug|Any CPU.ActiveCfg = Debug|Any CPU
		{B106B9A9-D0AA-4ECF-9EC8-6D0F3BDCB084}.Debug|Any CPU.Build.0 = Debug|Any CPU
		{B106B9A9-D0AA-4ECF-9EC8-6D0F3BDCB084}.Release|Any CPU.ActiveCfg = Release|Any CPU
		{B106B9A9-D0AA-4ECF-9EC8-6D0F3BDCB084}.Release|Any CPU.Build.0 = Release|Any CPU
		{E0F3B2AE-F5DD-44B7-ACA7-6ACA817A6206}.Debug|Any CPU.ActiveCfg = Debug|Any CPU
		{E0F3B2AE-F5DD-44B7-ACA7-6ACA817A6206}.Debug|Any CPU.Build.0 = Debug|Any CPU
		{E0F3B2AE-F5DD-44B7-ACA7-6ACA817A6206}.Release|Any CPU.ActiveCfg = Release|Any CPU
		{E0F3B2AE-F5DD-44B7-ACA7-6ACA817A6206}.Release|Any CPU.Build.0 = Release|Any CPU
		{222F2057-2EDF-4736-A521-461780676AD7}.Debug|Any CPU.ActiveCfg = Debug|Any CPU
		{222F2057-2EDF-4736-A521-461780676AD7}.Debug|Any CPU.Build.0 = Debug|Any CPU
		{222F2057-2EDF-4736-A521-461780676AD7}.Release|Any CPU.ActiveCfg = Release|Any CPU
		{222F2057-2EDF-4736-A521-461780676AD7}.Release|Any CPU.Build.0 = Release|Any CPU
		{0B82E6E1-0EA2-4F6A-BB9E-37A24ECB3D76}.Debug|Any CPU.ActiveCfg = Debug|Any CPU
		{0B82E6E1-0EA2-4F6A-BB9E-37A24ECB3D76}.Debug|Any CPU.Build.0 = Debug|Any CPU
		{0B82E6E1-0EA2-4F6A-BB9E-37A24ECB3D76}.Release|Any CPU.ActiveCfg = Release|Any CPU
		{0B82E6E1-0EA2-4F6A-BB9E-37A24ECB3D76}.Release|Any CPU.Build.0 = Release|Any CPU
		{C861AEF2-F800-4EBD-ADE8-C97D3E93CD8F}.Debug|Any CPU.ActiveCfg = Debug|Any CPU
		{C861AEF2-F800-4EBD-ADE8-C97D3E93CD8F}.Debug|Any CPU.Build.0 = Debug|Any CPU
		{C861AEF2-F800-4EBD-ADE8-C97D3E93CD8F}.Release|Any CPU.ActiveCfg = Release|Any CPU
		{C861AEF2-F800-4EBD-ADE8-C97D3E93CD8F}.Release|Any CPU.Build.0 = Release|Any CPU
		{89796060-323F-4FCD-877D-63ABBFF8CD4B}.Debug|Any CPU.ActiveCfg = Debug|Any CPU
		{89796060-323F-4FCD-877D-63ABBFF8CD4B}.Debug|Any CPU.Build.0 = Debug|Any CPU
		{89796060-323F-4FCD-877D-63ABBFF8CD4B}.Release|Any CPU.ActiveCfg = Release|Any CPU
		{89796060-323F-4FCD-877D-63ABBFF8CD4B}.Release|Any CPU.Build.0 = Release|Any CPU
		{98F4EE3F-F447-4CD9-944C-F9459CDEE7AE}.Debug|Any CPU.ActiveCfg = Debug|Any CPU
		{98F4EE3F-F447-4CD9-944C-F9459CDEE7AE}.Debug|Any CPU.Build.0 = Debug|Any CPU
		{98F4EE3F-F447-4CD9-944C-F9459CDEE7AE}.Release|Any CPU.ActiveCfg = Release|Any CPU
		{98F4EE3F-F447-4CD9-944C-F9459CDEE7AE}.Release|Any CPU.Build.0 = Release|Any CPU
		{40A6060F-7C97-4222-9D40-F5B854E2C677}.Debug|Any CPU.ActiveCfg = Debug|Any CPU
		{40A6060F-7C97-4222-9D40-F5B854E2C677}.Debug|Any CPU.Build.0 = Debug|Any CPU
		{40A6060F-7C97-4222-9D40-F5B854E2C677}.Release|Any CPU.ActiveCfg = Release|Any CPU
		{40A6060F-7C97-4222-9D40-F5B854E2C677}.Release|Any CPU.Build.0 = Release|Any CPU
		{6AC40343-B57F-407C-AE39-A45CD24D6BB2}.Debug|Any CPU.ActiveCfg = Debug|Any CPU
		{6AC40343-B57F-407C-AE39-A45CD24D6BB2}.Debug|Any CPU.Build.0 = Debug|Any CPU
		{6AC40343-B57F-407C-AE39-A45CD24D6BB2}.Release|Any CPU.ActiveCfg = Release|Any CPU
		{6AC40343-B57F-407C-AE39-A45CD24D6BB2}.Release|Any CPU.Build.0 = Release|Any CPU
		{7F0A3327-B6DC-4F93-B2B3-1C303790D7E5}.Debug|Any CPU.ActiveCfg = Debug|Any CPU
		{7F0A3327-B6DC-4F93-B2B3-1C303790D7E5}.Debug|Any CPU.Build.0 = Debug|Any CPU
		{7F0A3327-B6DC-4F93-B2B3-1C303790D7E5}.Release|Any CPU.ActiveCfg = Release|Any CPU
		{7F0A3327-B6DC-4F93-B2B3-1C303790D7E5}.Release|Any CPU.Build.0 = Release|Any CPU
		{DDE70F75-2759-4F5A-9C64-9E996DA2B947}.Debug|Any CPU.ActiveCfg = Debug|Any CPU
		{DDE70F75-2759-4F5A-9C64-9E996DA2B947}.Debug|Any CPU.Build.0 = Debug|Any CPU
		{DDE70F75-2759-4F5A-9C64-9E996DA2B947}.Release|Any CPU.ActiveCfg = Release|Any CPU
		{DDE70F75-2759-4F5A-9C64-9E996DA2B947}.Release|Any CPU.Build.0 = Release|Any CPU
	EndGlobalSection
	GlobalSection(SolutionProperties) = preSolution
		HideSolutionNode = FALSE
	EndGlobalSection
	GlobalSection(NestedProjects) = preSolution
		{FECE34F3-BFD9-4228-9248-B84ED4201ACB} = {85655C89-6345-41D3-BFEA-0D608CDC1DAE}
		{A518FA8A-2E36-44BF-BE0E-2BDE96A7333F} = {FECE34F3-BFD9-4228-9248-B84ED4201ACB}
		{BDBC9651-6263-406A-AE9C-3F2187D37352} = {FECE34F3-BFD9-4228-9248-B84ED4201ACB}
		{B106B9A9-D0AA-4ECF-9EC8-6D0F3BDCB084} = {FECE34F3-BFD9-4228-9248-B84ED4201ACB}
		{E0F3B2AE-F5DD-44B7-ACA7-6ACA817A6206} = {FECE34F3-BFD9-4228-9248-B84ED4201ACB}
		{AF666B21-3580-4FD8-BB56-BEFD1A40F5AC} = {85655C89-6345-41D3-BFEA-0D608CDC1DAE}
		{0B82E6E1-0EA2-4F6A-BB9E-37A24ECB3D76} = {AF666B21-3580-4FD8-BB56-BEFD1A40F5AC}
		{C861AEF2-F800-4EBD-ADE8-C97D3E93CD8F} = {AF666B21-3580-4FD8-BB56-BEFD1A40F5AC}
		{89796060-323F-4FCD-877D-63ABBFF8CD4B} = {AF666B21-3580-4FD8-BB56-BEFD1A40F5AC}
		{98F4EE3F-F447-4CD9-944C-F9459CDEE7AE} = {AF666B21-3580-4FD8-BB56-BEFD1A40F5AC}
		{9B74B69E-BEC0-47E4-B25A-92B5F5D2FF91} = {85655C89-6345-41D3-BFEA-0D608CDC1DAE}
		{40A6060F-7C97-4222-9D40-F5B854E2C677} = {9B74B69E-BEC0-47E4-B25A-92B5F5D2FF91}
		{6AC40343-B57F-407C-AE39-A45CD24D6BB2} = {9B74B69E-BEC0-47E4-B25A-92B5F5D2FF91}
		{7F0A3327-B6DC-4F93-B2B3-1C303790D7E5} = {9B74B69E-BEC0-47E4-B25A-92B5F5D2FF91}
		{DDE70F75-2759-4F5A-9C64-9E996DA2B947} = {9B74B69E-BEC0-47E4-B25A-92B5F5D2FF91}
	EndGlobalSection
EndGlobal
